
Microsoft Visual Studio Solution File, Format Version 12.00
# Visual Studio Version 17
VisualStudioVersion = 17.11.35222.181
MinimumVisualStudioVersion = 10.0.40219.1
Project("{FAE04EC0-301F-11D3-BF4B-00C04F79EFBC}") = "webook.Android", "webook.Android\webook.Android.csproj", "{2A65E798-C02B-4F43-BCA0-37BDDAB9B4A4}"
EndProject
Project("{FAE04EC0-301F-11D3-BF4B-00C04F79EFBC}") = "webook.iOS", "webook.iOS\webook.iOS.csproj", "{21E8652B-CA83-448E-9041-646D3817A039}"
EndProject
Project("{FAE04EC0-301F-11D3-BF4B-00C04F79EFBC}") = "webook", "webook\webook.csproj", "{AC42F37E-CE98-4B19-AADB-14422FE78494}"
EndProject
Global
	GlobalSection(SolutionConfigurationPlatforms) = preSolution
		Debug|Any CPU = Debug|Any CPU
		Debug|iPhone = Debug|iPhone
		Debug|iPhoneSimulator = Debug|iPhoneSimulator
		Release|Any CPU = Release|Any CPU
		Release|iPhone = Release|iPhone
		Release|iPhoneSimulator = Release|iPhoneSimulator
	EndGlobalSection
	GlobalSection(ProjectConfigurationPlatforms) = postSolution
		{2A65E798-C02B-4F43-BCA0-37BDDAB9B4A4}.Debug|Any CPU.ActiveCfg = Debug|Any CPU
		{2A65E798-C02B-4F43-BCA0-37BDDAB9B4A4}.Debug|Any CPU.Build.0 = Debug|Any CPU
		{2A65E798-C02B-4F43-BCA0-37BDDAB9B4A4}.Debug|Any CPU.Deploy.0 = Debug|Any CPU
		{2A65E798-C02B-4F43-BCA0-37BDDAB9B4A4}.Debug|iPhone.ActiveCfg = Debug|Any CPU
		{2A65E798-C02B-4F43-BCA0-37BDDAB9B4A4}.Debug|iPhone.Build.0 = Debug|Any CPU
		{2A65E798-C02B-4F43-BCA0-37BDDAB9B4A4}.Debug|iPhone.Deploy.0 = Debug|Any CPU
		{2A65E798-C02B-4F43-BCA0-37BDDAB9B4A4}.Debug|iPhoneSimulator.ActiveCfg = Debug|Any CPU
		{2A65E798-C02B-4F43-BCA0-37BDDAB9B4A4}.Debug|iPhoneSimulator.Build.0 = Debug|Any CPU
		{2A65E798-C02B-4F43-BCA0-37BDDAB9B4A4}.Debug|iPhoneSimulator.Deploy.0 = Debug|Any CPU
		{2A65E798-C02B-4F43-BCA0-37BDDAB9B4A4}.Release|Any CPU.ActiveCfg = Release|Any CPU
		{2A65E798-C02B-4F43-BCA0-37BDDAB9B4A4}.Release|Any CPU.Build.0 = Release|Any CPU
		{2A65E798-C02B-4F43-BCA0-37BDDAB9B4A4}.Release|Any CPU.Deploy.0 = Release|Any CPU
		{2A65E798-C02B-4F43-BCA0-37BDDAB9B4A4}.Release|iPhone.ActiveCfg = Release|Any CPU
		{2A65E798-C02B-4F43-BCA0-37BDDAB9B4A4}.Release|iPhone.Build.0 = Release|Any CPU
		{2A65E798-C02B-4F43-BCA0-37BDDAB9B4A4}.Release|iPhone.Deploy.0 = Release|Any CPU
		{2A65E798-C02B-4F43-BCA0-37BDDAB9B4A4}.Release|iPhoneSimulator.ActiveCfg = Release|Any CPU
		{2A65E798-C02B-4F43-BCA0-37BDDAB9B4A4}.Release|iPhoneSimulator.Build.0 = Release|Any CPU
		{2A65E798-C02B-4F43-BCA0-37BDDAB9B4A4}.Release|iPhoneSimulator.Deploy.0 = Release|Any CPU
		{21E8652B-CA83-448E-9041-646D3817A039}.Debug|Any CPU.ActiveCfg = Debug|iPhone
		{21E8652B-CA83-448E-9041-646D3817A039}.Debug|Any CPU.Build.0 = Debug|iPhone
		{21E8652B-CA83-448E-9041-646D3817A039}.Debug|Any CPU.Deploy.0 = Debug|iPhone
		{21E8652B-CA83-448E-9041-646D3817A039}.Debug|iPhone.ActiveCfg = Debug|iPhone
		{21E8652B-CA83-448E-9041-646D3817A039}.Debug|iPhone.Build.0 = Debug|iPhone
		{21E8652B-CA83-448E-9041-646D3817A039}.Debug|iPhone.Deploy.0 = Debug|iPhone
		{21E8652B-CA83-448E-9041-646D3817A039}.Debug|iPhoneSimulator.ActiveCfg = Debug|iPhoneSimulator
		{21E8652B-CA83-448E-9041-646D3817A039}.Debug|iPhoneSimulator.Build.0 = Debug|iPhoneSimulator
		{21E8652B-CA83-448E-9041-646D3817A039}.Debug|iPhoneSimulator.Deploy.0 = Debug|iPhoneSimulator
		{21E8652B-CA83-448E-9041-646D3817A039}.Release|Any CPU.ActiveCfg = Release|iPhoneSimulator
		{21E8652B-CA83-448E-9041-646D3817A039}.Release|Any CPU.Build.0 = Release|iPhoneSimulator
		{21E8652B-CA83-448E-9041-646D3817A039}.Release|Any CPU.Deploy.0 = Release|iPhoneSimulator
		{21E8652B-CA83-448E-9041-646D3817A039}.Release|iPhone.ActiveCfg = Release|iPhone
		{21E8652B-CA83-448E-9041-646D3817A039}.Release|iPhone.Build.0 = Release|iPhone
		{21E8652B-CA83-448E-9041-646D3817A039}.Release|iPhone.Deploy.0 = Release|iPhone
		{21E8652B-CA83-448E-9041-646D3817A039}.Release|iPhoneSimulator.ActiveCfg = Release|iPhoneSimulator
		{21E8652B-CA83-448E-9041-646D3817A039}.Release|iPhoneSimulator.Build.0 = Release|iPhoneSimulator
		{21E8652B-CA83-448E-9041-646D3817A039}.Release|iPhoneSimulator.Deploy.0 = Release|iPhoneSimulator
		{AC42F37E-CE98-4B19-AADB-14422FE78494}.Debug|Any CPU.ActiveCfg = Debug|Any CPU
		{AC42F37E-CE98-4B19-AADB-14422FE78494}.Debug|Any CPU.Build.0 = Debug|Any CPU
		{AC42F37E-CE98-4B19-AADB-14422FE78494}.Debug|Any CPU.Deploy.0 = Debug|Any CPU
		{AC42F37E-CE98-4B19-AADB-14422FE78494}.Debug|iPhone.ActiveCfg = Debug|Any CPU
		{AC42F37E-CE98-4B19-AADB-14422FE78494}.Debug|iPhone.Build.0 = Debug|Any CPU
		{AC42F37E-CE98-4B19-AADB-14422FE78494}.Debug|iPhone.Deploy.0 = Debug|Any CPU
		{AC42F37E-CE98-4B19-AADB-14422FE78494}.Debug|iPhoneSimulator.ActiveCfg = Debug|Any CPU
		{AC42F37E-CE98-4B19-AADB-14422FE78494}.Debug|iPhoneSimulator.Build.0 = Debug|Any CPU
		{AC42F37E-CE98-4B19-AADB-14422FE78494}.Debug|iPhoneSimulator.Deploy.0 = Debug|Any CPU
		{AC42F37E-CE98-4B19-AADB-14422FE78494}.Release|Any CPU.ActiveCfg = Release|Any CPU
		{AC42F37E-CE98-4B19-AADB-14422FE78494}.Release|Any CPU.Build.0 = Release|Any CPU
		{AC42F37E-CE98-4B19-AADB-14422FE78494}.Release|Any CPU.Deploy.0 = Release|Any CPU
		{AC42F37E-CE98-4B19-AADB-14422FE78494}.Release|iPhone.ActiveCfg = Release|Any CPU
		{AC42F37E-CE98-4B19-AADB-14422FE78494}.Release|iPhone.Build.0 = Release|Any CPU
		{AC42F37E-CE98-4B19-AADB-14422FE78494}.Release|iPhone.Deploy.0 = Release|Any CPU
		{AC42F37E-CE98-4B19-AADB-14422FE78494}.Release|iPhoneSimulator.ActiveCfg = Release|Any CPU
		{AC42F37E-CE98-4B19-AADB-14422FE78494}.Release|iPhoneSimulator.Build.0 = Release|Any CPU
		{AC42F37E-CE98-4B19-AADB-14422FE78494}.Release|iPhoneSimulator.Deploy.0 = Release|Any CPU
	EndGlobalSection
	GlobalSection(SolutionProperties) = preSolution
		HideSolutionNode = FALSE
	EndGlobalSection
	GlobalSection(ExtensibilityGlobals) = postSolution
		SolutionGuid = {9B8D9914-7580-4BFF-A3BB-1C31C9203FB4}
	EndGlobalSection
EndGlobal
